{
  "version": 4,
  "terraform_version": "1.1.7",
  "serial": 70,
  "lineage": "296d0553-ab0a-cadd-89aa-1e0d8b9224ec",
  "outputs": {
    "ip_wg": {
      "value": 1,
      "type": "number"
    },
    "server1": {
      "value": "10.13.3.2",
      "type": "string"
    },
    "wg_config": {
      "value": "\n[Interface]\nAddress = 100.64.13.2\nPrivateKey = SBk7SzadDM0E/xK2xvCmw27qLGnc3294/1NWGer2Dm4=\n[Peer]\nPublicKey = oR0lQZF0kYkt3YBa/0El4PwWkeZNZs1+I9Pk8TBI8wA=\nAllowedIPs = 10.13.0.0/16, 100.64.0.0/16\nPersistentKeepalive = 25\nEndpoint = 185.206.122.131:7801\n\t",
      "type": "string"
    }
  },
  "resources": [
    {
      "mode": "managed",
      "type": "grid_deployment",
      "name": "test1",
      "provider": "provider[\"registry.terraform.io/threefoldtech/grid\"]",
      "instances": [
        {
          "schema_version": 0,
          "attributes": {
            "disks": [
              {
                "description": "",
                "name": "server1Disk",
                "size": 5
              },
              {
                "description": "",
                "name": "server2Disk",
                "size": 5
              },
              {
                "description": "",
                "name": "server3Disk",
                "size": 5
              },
              {
                "description": "",
                "name": "agent1Disk",
                "size": 5
              }
            ],
            "id": "3934",
            "ip_range": "10.13.3.0/24",
            "network_name": "netTest1",
            "node": 95,
            "qsfs": [],
            "vms": [
              {
                "computedip": "",
                "computedip6": "",
                "cpu": 2,
                "description": "",
                "entrypoint": "/sbin/zinit init",
                "env_vars": {
                  "ADDITIONAL_OPTIONS": "",
                  "HARDENED": "y",
                  "INSTALL_HA_SERVER": "y",
                  "K3S_DATA_DIR": "/opt/data",
                  "K3S_NODE_NAME": "server1",
                  "K3S_TOKEN": "djlksjdla2lewqldlks",
                  "SERVER_NODE_ONLY_CONTROL_PLANE": "y",
                  "SSH_KEY": "ssh-rsa AAAAB3NzaC1yc2EAAAADAQABAAABgQDJPwvpAOUXA8Hfe0ZOQIGScbZBsCgs8c+YuqmycvAXubaUbsUGKyFE380t2A3q8oKpUTzOAhTVTYua5uCg6qO8b0vXi8m5wWhHSSSjOanefc1mKObTbmtJaFp8E1ascHdXWKXeDakpmTQ/sjo0VP+t/kTX5YU+/ZaS3/zsyrUGWRrNsU4o6YQ2J67rwf3VeTaDPpW+/n+WrzQEllvek0XJUgShbHkYoPzcZ0Wz275wdLm9GDk8Nja+ls2NLCszgxlaLy3AdEwLuCCl1wxExZKtgS3C63dEAjSbQCSCM7fK+8I0h0S5F8HSFLhaX1hCWYHNI/1X2DhXG6IIw+6lhhPrq+n5P22Omf2YvbBMIbi73piCJRql8ux6+TYt4zegXgrCSABN1Zue7KMTbvM9ae//3tLl/kdOWpJut/ojwk+pYTmYUjhZ9myy+RJagr3g9zq2qrzFk/fHHZJnEyTGqex36mUq2vEb8YtiaUQqf3hYf0SQJR7s8j12ECD+sNuE2L8= t3k@VM3"
                },
                "flist": "https://hub.grid.tf/archit3kt.3bot/archit3kt-k3s-1.22.8.flist",
                "flist_checksum": "",
                "ip": "10.13.3.2",
                "memory": 4096,
                "mounts": [
                  {
                    "disk_name": "server1Disk",
                    "mount_point": "/opt/data"
                  }
                ],
                "name": "server1",
                "planetary": false,
                "publicip": false,
                "publicip6": false,
                "rootfs_size": 0,
                "ygg_ip": ""
              },
              {
                "computedip": "",
                "computedip6": "",
                "cpu": 2,
                "description": "",
                "entrypoint": "/sbin/zinit init",
                "env_vars": {
                  "ADDITIONAL_OPTIONS": "",
                  "HARDENED": "y",
                  "INSTALL_HA_SERVER": "y",
                  "K3S_DATA_DIR": "/opt/data",
                  "K3S_NODE_NAME": "server2",
                  "K3S_TOKEN": "djlksjdla2lewqldlks",
                  "K3S_URL": "https://10.13.3.2:6443",
                  "SERVER_NODE_ONLY_CONTROL_PLANE": "y",
                  "SSH_KEY": "ssh-rsa AAAAB3NzaC1yc2EAAAADAQABAAABgQDJPwvpAOUXA8Hfe0ZOQIGScbZBsCgs8c+YuqmycvAXubaUbsUGKyFE380t2A3q8oKpUTzOAhTVTYua5uCg6qO8b0vXi8m5wWhHSSSjOanefc1mKObTbmtJaFp8E1ascHdXWKXeDakpmTQ/sjo0VP+t/kTX5YU+/ZaS3/zsyrUGWRrNsU4o6YQ2J67rwf3VeTaDPpW+/n+WrzQEllvek0XJUgShbHkYoPzcZ0Wz275wdLm9GDk8Nja+ls2NLCszgxlaLy3AdEwLuCCl1wxExZKtgS3C63dEAjSbQCSCM7fK+8I0h0S5F8HSFLhaX1hCWYHNI/1X2DhXG6IIw+6lhhPrq+n5P22Omf2YvbBMIbi73piCJRql8ux6+TYt4zegXgrCSABN1Zue7KMTbvM9ae//3tLl/kdOWpJut/ojwk+pYTmYUjhZ9myy+RJagr3g9zq2qrzFk/fHHZJnEyTGqex36mUq2vEb8YtiaUQqf3hYf0SQJR7s8j12ECD+sNuE2L8= t3k@VM3"
                },
                "flist": "https://hub.grid.tf/archit3kt.3bot/archit3kt-k3s-1.22.8.flist",
                "flist_checksum": "",
                "ip": "10.13.3.3",
                "memory": 4096,
                "mounts": [
                  {
                    "disk_name": "server2Disk",
                    "mount_point": "/opt/data"
                  }
                ],
                "name": "server2",
                "planetary": false,
                "publicip": false,
                "publicip6": false,
                "rootfs_size": 0,
                "ygg_ip": ""
              },
              {
                "computedip": "",
                "computedip6": "",
                "cpu": 2,
                "description": "",
                "entrypoint": "/sbin/zinit init",
                "env_vars": {
                  "ADDITIONAL_OPTIONS": "",
                  "HARDENED": "y",
                  "INSTALL_HA_SERVER": "y",
                  "K3S_DATA_DIR": "/opt/data",
                  "K3S_NODE_NAME": "server3",
                  "K3S_TOKEN": "djlksjdla2lewqldlks",
                  "K3S_URL": "https://10.13.3.2:6443",
                  "SERVER_NODE_ONLY_CONTROL_PLANE": "y",
                  "SSH_KEY": "ssh-rsa AAAAB3NzaC1yc2EAAAADAQABAAABgQDJPwvpAOUXA8Hfe0ZOQIGScbZBsCgs8c+YuqmycvAXubaUbsUGKyFE380t2A3q8oKpUTzOAhTVTYua5uCg6qO8b0vXi8m5wWhHSSSjOanefc1mKObTbmtJaFp8E1ascHdXWKXeDakpmTQ/sjo0VP+t/kTX5YU+/ZaS3/zsyrUGWRrNsU4o6YQ2J67rwf3VeTaDPpW+/n+WrzQEllvek0XJUgShbHkYoPzcZ0Wz275wdLm9GDk8Nja+ls2NLCszgxlaLy3AdEwLuCCl1wxExZKtgS3C63dEAjSbQCSCM7fK+8I0h0S5F8HSFLhaX1hCWYHNI/1X2DhXG6IIw+6lhhPrq+n5P22Omf2YvbBMIbi73piCJRql8ux6+TYt4zegXgrCSABN1Zue7KMTbvM9ae//3tLl/kdOWpJut/ojwk+pYTmYUjhZ9myy+RJagr3g9zq2qrzFk/fHHZJnEyTGqex36mUq2vEb8YtiaUQqf3hYf0SQJR7s8j12ECD+sNuE2L8= t3k@VM3"
                },
                "flist": "https://hub.grid.tf/archit3kt.3bot/archit3kt-k3s-1.22.8.flist",
                "flist_checksum": "",
                "ip": "10.13.3.4",
                "memory": 4096,
                "mounts": [
                  {
                    "disk_name": "server3Disk",
                    "mount_point": "/opt/data"
                  }
                ],
                "name": "server3",
                "planetary": false,
                "publicip": false,
                "publicip6": false,
                "rootfs_size": 0,
                "ygg_ip": ""
              },
              {
                "computedip": "",
                "computedip6": "",
                "cpu": 2,
                "description": "",
                "entrypoint": "/sbin/zinit init",
                "env_vars": {
                  "HARDENED": "y",
                  "K3S_DATA_DIR": "/opt/data",
                  "K3S_NODE_NAME": "agent1",
                  "K3S_TOKEN": "djlksjdla2lewqldlks",
                  "K3S_URL": "https://10.13.3.2:6443",
                  "SSH_KEY": "ssh-rsa AAAAB3NzaC1yc2EAAAADAQABAAABgQDJPwvpAOUXA8Hfe0ZOQIGScbZBsCgs8c+YuqmycvAXubaUbsUGKyFE380t2A3q8oKpUTzOAhTVTYua5uCg6qO8b0vXi8m5wWhHSSSjOanefc1mKObTbmtJaFp8E1ascHdXWKXeDakpmTQ/sjo0VP+t/kTX5YU+/ZaS3/zsyrUGWRrNsU4o6YQ2J67rwf3VeTaDPpW+/n+WrzQEllvek0XJUgShbHkYoPzcZ0Wz275wdLm9GDk8Nja+ls2NLCszgxlaLy3AdEwLuCCl1wxExZKtgS3C63dEAjSbQCSCM7fK+8I0h0S5F8HSFLhaX1hCWYHNI/1X2DhXG6IIw+6lhhPrq+n5P22Omf2YvbBMIbi73piCJRql8ux6+TYt4zegXgrCSABN1Zue7KMTbvM9ae//3tLl/kdOWpJut/ojwk+pYTmYUjhZ9myy+RJagr3g9zq2qrzFk/fHHZJnEyTGqex36mUq2vEb8YtiaUQqf3hYf0SQJR7s8j12ECD+sNuE2L8= t3k@VM3"
                },
                "flist": "https://hub.grid.tf/archit3kt.3bot/archit3kt-k3s-1.22.8.flist",
                "flist_checksum": "",
                "ip": "10.13.3.5",
                "memory": 4096,
                "mounts": [
                  {
                    "disk_name": "agent1Disk",
                    "mount_point": "/opt/data"
                  }
                ],
                "name": "agent1",
                "planetary": false,
                "publicip": false,
                "publicip6": false,
                "rootfs_size": 0,
                "ygg_ip": ""
              }
            ],
            "zdbs": []
          },
          "sensitive_attributes": [],
          "private": "bnVsbA==",
          "dependencies": [
            "grid_network.netTest1"
          ]
        }
      ]
    },
    {
      "mode": "managed",
      "type": "grid_network",
      "name": "netTest1",
      "provider": "provider[\"registry.terraform.io/threefoldtech/grid\"]",
      "instances": [
        {
          "schema_version": 0,
          "attributes": {
            "access_wg_config": "\n[Interface]\nAddress = 100.64.13.2\nPrivateKey = SBk7SzadDM0E/xK2xvCmw27qLGnc3294/1NWGer2Dm4=\n[Peer]\nPublicKey = oR0lQZF0kYkt3YBa/0El4PwWkeZNZs1+I9Pk8TBI8wA=\nAllowedIPs = 10.13.0.0/16, 100.64.0.0/16\nPersistentKeepalive = 25\nEndpoint = 185.206.122.131:7801\n\t",
            "add_wg_access": true,
            "description": "selfHosting VM network",
            "external_ip": "10.13.2.0/24",
            "external_sk": "SBk7SzadDM0E/xK2xvCmw27qLGnc3294/1NWGer2Dm4=",
            "id": "6a996170-fc7f-49ee-9564-d3cb11d14de7",
            "ip_range": "10.13.0.0/16",
            "name": "netTest1",
            "node_deployment_id": {
              "1": 3933,
              "95": 3932
            },
            "nodes": [
              95,
              1
            ],
            "nodes_ip_range": {
              "1": "10.13.4.0/24",
              "95": "10.13.3.0/24"
            },
            "public_node_id": 1
          },
          "sensitive_attributes": [],
          "private": "bnVsbA=="
        }
      ]
    }
  ]
}
